{
  "name": "juan-card",
  "lockfileVersion": 2,
  "requires": true,
  "packages": {
    "": {
      "dependencies": {
        "lxgw-wenkai-lite-webfont": "^1.6.0"
      }
    },
    "node_modules/lxgw-wenkai-lite-webfont": {
      "version": "1.6.0",
      "resolved": "https://registry.npmmirror.com/lxgw-wenkai-lite-webfont/-/lxgw-wenkai-lite-webfont-1.6.0.tgz",
      "integrity": "sha512-jSjCZSlRVDEcj9CQoWqtX5xyjZhwfxisvZjZfef/NFBfMTlKQm5bvKDq6l/G230fiQVgCGu/KxtDPu3OlNU+mw=="
    }
  },
  "dependencies": {
    "lxgw-wenkai-lite-webfont": {
      "version": "1.6.0",
      "resolved": "https://registry.npmmirror.com/lxgw-wenkai-lite-webfont/-/lxgw-wenkai-lite-webfont-1.6.0.tgz",
      "integrity": "sha512-jSjCZSlRVDEcj9CQoWqtX5xyjZhwfxisvZjZfef/NFBfMTlKQm5bvKDq6l/G230fiQVgCGu/KxtDPu3OlNU+mw=="
    }
  }
}
